
Microsoft Visual Studio Solution File, Format Version 12.00
# Visual Studio 15
VisualStudioVersion = 15.0.28307.572
MinimumVisualStudioVersion = 10.0.40219.1
Project("{FAE04EC0-301F-11D3-BF4B-00C04F79EFBC}") = "ProjectWarden.Android", "ProjectWarden\ProjectWarden.Android\ProjectWarden.Android.csproj", "{1E40D9F6-A657-45C4-92B1-77BB7E8CA09D}"
EndProject
Project("{FAE04EC0-301F-11D3-BF4B-00C04F79EFBC}") = "ProjectWarden.iOS", "ProjectWarden\ProjectWarden.iOS\ProjectWarden.iOS.csproj", "{56FF50B4-18F7-4775-BC6F-24A315BF14E8}"
EndProject
Project("{9A19103F-16F7-4668-BE54-9A1E7A4F7556}") = "ProjectWarden", "ProjectWarden\ProjectWarden\ProjectWarden.csproj", "{639F71BC-FE04-4A68-84AF-B68541EF0661}"
EndProject
Global
	GlobalSection(SolutionConfigurationPlatforms) = preSolution
		Ad-Hoc|Any CPU = Ad-Hoc|Any CPU
		Ad-Hoc|iPhone = Ad-Hoc|iPhone
		Ad-Hoc|iPhoneSimulator = Ad-Hoc|iPhoneSimulator
		AppStore|Any CPU = AppStore|Any CPU
		AppStore|iPhone = AppStore|iPhone
		AppStore|iPhoneSimulator = AppStore|iPhoneSimulator
		Debug|Any CPU = Debug|Any CPU
		Debug|iPhone = Debug|iPhone
		Debug|iPhoneSimulator = Debug|iPhoneSimulator
		Release|Any CPU = Release|Any CPU
		Release|iPhone = Release|iPhone
		Release|iPhoneSimulator = Release|iPhoneSimulator
	EndGlobalSection
	GlobalSection(ProjectConfigurationPlatforms) = postSolution
		{1E40D9F6-A657-45C4-92B1-77BB7E8CA09D}.Ad-Hoc|Any CPU.ActiveCfg = Release|Any CPU
		{1E40D9F6-A657-45C4-92B1-77BB7E8CA09D}.Ad-Hoc|Any CPU.Build.0 = Release|Any CPU
		{1E40D9F6-A657-45C4-92B1-77BB7E8CA09D}.Ad-Hoc|Any CPU.Deploy.0 = Release|Any CPU
		{1E40D9F6-A657-45C4-92B1-77BB7E8CA09D}.Ad-Hoc|iPhone.ActiveCfg = Release|Any CPU
		{1E40D9F6-A657-45C4-92B1-77BB7E8CA09D}.Ad-Hoc|iPhone.Build.0 = Release|Any CPU
		{1E40D9F6-A657-45C4-92B1-77BB7E8CA09D}.Ad-Hoc|iPhone.Deploy.0 = Release|Any CPU
		{1E40D9F6-A657-45C4-92B1-77BB7E8CA09D}.Ad-Hoc|iPhoneSimulator.ActiveCfg = Release|Any CPU
		{1E40D9F6-A657-45C4-92B1-77BB7E8CA09D}.Ad-Hoc|iPhoneSimulator.Build.0 = Release|Any CPU
		{1E40D9F6-A657-45C4-92B1-77BB7E8CA09D}.Ad-Hoc|iPhoneSimulator.Deploy.0 = Release|Any CPU
		{1E40D9F6-A657-45C4-92B1-77BB7E8CA09D}.AppStore|Any CPU.ActiveCfg = Release|Any CPU
		{1E40D9F6-A657-45C4-92B1-77BB7E8CA09D}.AppStore|Any CPU.Build.0 = Release|Any CPU
		{1E40D9F6-A657-45C4-92B1-77BB7E8CA09D}.AppStore|Any CPU.Deploy.0 = Release|Any CPU
		{1E40D9F6-A657-45C4-92B1-77BB7E8CA09D}.AppStore|iPhone.ActiveCfg = Release|Any CPU
		{1E40D9F6-A657-45C4-92B1-77BB7E8CA09D}.AppStore|iPhone.Build.0 = Release|Any CPU
		{1E40D9F6-A657-45C4-92B1-77BB7E8CA09D}.AppStore|iPhone.Deploy.0 = Release|Any CPU
		{1E40D9F6-A657-45C4-92B1-77BB7E8CA09D}.AppStore|iPhoneSimulator.ActiveCfg = Release|Any CPU
		{1E40D9F6-A657-45C4-92B1-77BB7E8CA09D}.AppStore|iPhoneSimulator.Build.0 = Release|Any CPU
		{1E40D9F6-A657-45C4-92B1-77BB7E8CA09D}.AppStore|iPhoneSimulator.Deploy.0 = Release|Any CPU
		{1E40D9F6-A657-45C4-92B1-77BB7E8CA09D}.Debug|Any CPU.ActiveCfg = Debug|Any CPU
		{1E40D9F6-A657-45C4-92B1-77BB7E8CA09D}.Debug|Any CPU.Build.0 = Debug|Any CPU
		{1E40D9F6-A657-45C4-92B1-77BB7E8CA09D}.Debug|Any CPU.Deploy.0 = Debug|Any CPU
		{1E40D9F6-A657-45C4-92B1-77BB7E8CA09D}.Debug|iPhone.ActiveCfg = Debug|Any CPU
		{1E40D9F6-A657-45C4-92B1-77BB7E8CA09D}.Debug|iPhone.Build.0 = Debug|Any CPU
		{1E40D9F6-A657-45C4-92B1-77BB7E8CA09D}.Debug|iPhone.Deploy.0 = Debug|Any CPU
		{1E40D9F6-A657-45C4-92B1-77BB7E8CA09D}.Debug|iPhoneSimulator.ActiveCfg = Debug|Any CPU
		{1E40D9F6-A657-45C4-92B1-77BB7E8CA09D}.Debug|iPhoneSimulator.Build.0 = Debug|Any CPU
		{1E40D9F6-A657-45C4-92B1-77BB7E8CA09D}.Debug|iPhoneSimulator.Deploy.0 = Debug|Any CPU
		{1E40D9F6-A657-45C4-92B1-77BB7E8CA09D}.Release|Any CPU.ActiveCfg = Release|Any CPU
		{1E40D9F6-A657-45C4-92B1-77BB7E8CA09D}.Release|Any CPU.Build.0 = Release|Any CPU
		{1E40D9F6-A657-45C4-92B1-77BB7E8CA09D}.Release|Any CPU.Deploy.0 = Release|Any CPU
		{1E40D9F6-A657-45C4-92B1-77BB7E8CA09D}.Release|iPhone.ActiveCfg = Release|Any CPU
		{1E40D9F6-A657-45C4-92B1-77BB7E8CA09D}.Release|iPhone.Build.0 = Release|Any CPU
		{1E40D9F6-A657-45C4-92B1-77BB7E8CA09D}.Release|iPhone.Deploy.0 = Release|Any CPU
		{1E40D9F6-A657-45C4-92B1-77BB7E8CA09D}.Release|iPhoneSimulator.ActiveCfg = Release|Any CPU
		{1E40D9F6-A657-45C4-92B1-77BB7E8CA09D}.Release|iPhoneSimulator.Build.0 = Release|Any CPU
		{1E40D9F6-A657-45C4-92B1-77BB7E8CA09D}.Release|iPhoneSimulator.Deploy.0 = Release|Any CPU
		{56FF50B4-18F7-4775-BC6F-24A315BF14E8}.Ad-Hoc|Any CPU.ActiveCfg = Ad-Hoc|iPhone
		{56FF50B4-18F7-4775-BC6F-24A315BF14E8}.Ad-Hoc|Any CPU.Build.0 = Ad-Hoc|iPhone
		{56FF50B4-18F7-4775-BC6F-24A315BF14E8}.Ad-Hoc|Any CPU.Deploy.0 = Ad-Hoc|iPhone
		{56FF50B4-18F7-4775-BC6F-24A315BF14E8}.Ad-Hoc|iPhone.ActiveCfg = Ad-Hoc|iPhone
		{56FF50B4-18F7-4775-BC6F-24A315BF14E8}.Ad-Hoc|iPhone.Build.0 = Ad-Hoc|iPhone
		{56FF50B4-18F7-4775-BC6F-24A315BF14E8}.Ad-Hoc|iPhone.Deploy.0 = Ad-Hoc|iPhone
		{56FF50B4-18F7-4775-BC6F-24A315BF14E8}.Ad-Hoc|iPhoneSimulator.ActiveCfg = Ad-Hoc|iPhoneSimulator
		{56FF50B4-18F7-4775-BC6F-24A315BF14E8}.Ad-Hoc|iPhoneSimulator.Build.0 = Ad-Hoc|iPhoneSimulator
		{56FF50B4-18F7-4775-BC6F-24A315BF14E8}.Ad-Hoc|iPhoneSimulator.Deploy.0 = Ad-Hoc|iPhoneSimulator
		{56FF50B4-18F7-4775-BC6F-24A315BF14E8}.AppStore|Any CPU.ActiveCfg = AppStore|iPhone
		{56FF50B4-18F7-4775-BC6F-24A315BF14E8}.AppStore|Any CPU.Build.0 = AppStore|iPhone
		{56FF50B4-18F7-4775-BC6F-24A315BF14E8}.AppStore|Any CPU.Deploy.0 = AppStore|iPhone
		{56FF50B4-18F7-4775-BC6F-24A315BF14E8}.AppStore|iPhone.ActiveCfg = AppStore|iPhone
		{56FF50B4-18F7-4775-BC6F-24A315BF14E8}.AppStore|iPhone.Build.0 = AppStore|iPhone
		{56FF50B4-18F7-4775-BC6F-24A315BF14E8}.AppStore|iPhone.Deploy.0 = AppStore|iPhone
		{56FF50B4-18F7-4775-BC6F-24A315BF14E8}.AppStore|iPhoneSimulator.ActiveCfg = AppStore|iPhoneSimulator
		{56FF50B4-18F7-4775-BC6F-24A315BF14E8}.AppStore|iPhoneSimulator.Build.0 = AppStore|iPhoneSimulator
		{56FF50B4-18F7-4775-BC6F-24A315BF14E8}.AppStore|iPhoneSimulator.Deploy.0 = AppStore|iPhoneSimulator
		{56FF50B4-18F7-4775-BC6F-24A315BF14E8}.Debug|Any CPU.ActiveCfg = Debug|iPhoneSimulator
		{56FF50B4-18F7-4775-BC6F-24A315BF14E8}.Debug|Any CPU.Build.0 = Debug|iPhoneSimulator
		{56FF50B4-18F7-4775-BC6F-24A315BF14E8}.Debug|Any CPU.Deploy.0 = Debug|iPhoneSimulator
		{56FF50B4-18F7-4775-BC6F-24A315BF14E8}.Debug|iPhone.ActiveCfg = Debug|iPhone
		{56FF50B4-18F7-4775-BC6F-24A315BF14E8}.Debug|iPhone.Build.0 = Debug|iPhone
		{56FF50B4-18F7-4775-BC6F-24A315BF14E8}.Debug|iPhone.Deploy.0 = Debug|iPhone
		{56FF50B4-18F7-4775-BC6F-24A315BF14E8}.Debug|iPhoneSimulator.ActiveCfg = Debug|iPhoneSimulator
		{56FF50B4-18F7-4775-BC6F-24A315BF14E8}.Debug|iPhoneSimulator.Build.0 = Debug|iPhoneSimulator
		{56FF50B4-18F7-4775-BC6F-24A315BF14E8}.Debug|iPhoneSimulator.Deploy.0 = Debug|iPhoneSimulator
		{56FF50B4-18F7-4775-BC6F-24A315BF14E8}.Release|Any CPU.ActiveCfg = Release|iPhone
		{56FF50B4-18F7-4775-BC6F-24A315BF14E8}.Release|Any CPU.Build.0 = Release|iPhone
		{56FF50B4-18F7-4775-BC6F-24A315BF14E8}.Release|Any CPU.Deploy.0 = Release|iPhone
		{56FF50B4-18F7-4775-BC6F-24A315BF14E8}.Release|iPhone.ActiveCfg = Release|iPhone
		{56FF50B4-18F7-4775-BC6F-24A315BF14E8}.Release|iPhone.Build.0 = Release|iPhone
		{56FF50B4-18F7-4775-BC6F-24A315BF14E8}.Release|iPhone.Deploy.0 = Release|iPhone
		{56FF50B4-18F7-4775-BC6F-24A315BF14E8}.Release|iPhoneSimulator.ActiveCfg = Release|iPhoneSimulator
		{56FF50B4-18F7-4775-BC6F-24A315BF14E8}.Release|iPhoneSimulator.Build.0 = Release|iPhoneSimulator
		{56FF50B4-18F7-4775-BC6F-24A315BF14E8}.Release|iPhoneSimulator.Deploy.0 = Release|iPhoneSimulator
		{639F71BC-FE04-4A68-84AF-B68541EF0661}.Ad-Hoc|Any CPU.ActiveCfg = Debug|Any CPU
		{639F71BC-FE04-4A68-84AF-B68541EF0661}.Ad-Hoc|Any CPU.Build.0 = Debug|Any CPU
		{639F71BC-FE04-4A68-84AF-B68541EF0661}.Ad-Hoc|Any CPU.Deploy.0 = Debug|Any CPU
		{639F71BC-FE04-4A68-84AF-B68541EF0661}.Ad-Hoc|iPhone.ActiveCfg = Debug|Any CPU
		{639F71BC-FE04-4A68-84AF-B68541EF0661}.Ad-Hoc|iPhone.Build.0 = Debug|Any CPU
		{639F71BC-FE04-4A68-84AF-B68541EF0661}.Ad-Hoc|iPhone.Deploy.0 = Debug|Any CPU
		{639F71BC-FE04-4A68-84AF-B68541EF0661}.Ad-Hoc|iPhoneSimulator.ActiveCfg = Debug|Any CPU
		{639F71BC-FE04-4A68-84AF-B68541EF0661}.Ad-Hoc|iPhoneSimulator.Build.0 = Debug|Any CPU
		{639F71BC-FE04-4A68-84AF-B68541EF0661}.Ad-Hoc|iPhoneSimulator.Deploy.0 = Debug|Any CPU
		{639F71BC-FE04-4A68-84AF-B68541EF0661}.AppStore|Any CPU.ActiveCfg = Debug|Any CPU
		{639F71BC-FE04-4A68-84AF-B68541EF0661}.AppStore|Any CPU.Build.0 = Debug|Any CPU
		{639F71BC-FE04-4A68-84AF-B68541EF0661}.AppStore|Any CPU.Deploy.0 = Debug|Any CPU
		{639F71BC-FE04-4A68-84AF-B68541EF0661}.AppStore|iPhone.ActiveCfg = Debug|Any CPU
		{639F71BC-FE04-4A68-84AF-B68541EF0661}.AppStore|iPhone.Build.0 = Debug|Any CPU
		{639F71BC-FE04-4A68-84AF-B68541EF0661}.AppStore|iPhone.Deploy.0 = Debug|Any CPU
		{639F71BC-FE04-4A68-84AF-B68541EF0661}.AppStore|iPhoneSimulator.ActiveCfg = Debug|Any CPU
		{639F71BC-FE04-4A68-84AF-B68541EF0661}.AppStore|iPhoneSimulator.Build.0 = Debug|Any CPU
		{639F71BC-FE04-4A68-84AF-B68541EF0661}.AppStore|iPhoneSimulator.Deploy.0 = Debug|Any CPU
		{639F71BC-FE04-4A68-84AF-B68541EF0661}.Debug|Any CPU.ActiveCfg = Debug|Any CPU
		{639F71BC-FE04-4A68-84AF-B68541EF0661}.Debug|Any CPU.Build.0 = Debug|Any CPU
		{639F71BC-FE04-4A68-84AF-B68541EF0661}.Debug|Any CPU.Deploy.0 = Debug|Any CPU
		{639F71BC-FE04-4A68-84AF-B68541EF0661}.Debug|iPhone.ActiveCfg = Debug|Any CPU
		{639F71BC-FE04-4A68-84AF-B68541EF0661}.Debug|iPhone.Build.0 = Debug|Any CPU
		{639F71BC-FE04-4A68-84AF-B68541EF0661}.Debug|iPhone.Deploy.0 = Debug|Any CPU
		{639F71BC-FE04-4A68-84AF-B68541EF0661}.Debug|iPhoneSimulator.ActiveCfg = Debug|Any CPU
		{639F71BC-FE04-4A68-84AF-B68541EF0661}.Debug|iPhoneSimulator.Build.0 = Debug|Any CPU
		{639F71BC-FE04-4A68-84AF-B68541EF0661}.Debug|iPhoneSimulator.Deploy.0 = Debug|Any CPU
		{639F71BC-FE04-4A68-84AF-B68541EF0661}.Release|Any CPU.ActiveCfg = Release|Any CPU
		{639F71BC-FE04-4A68-84AF-B68541EF0661}.Release|Any CPU.Build.0 = Release|Any CPU
		{639F71BC-FE04-4A68-84AF-B68541EF0661}.Release|Any CPU.Deploy.0 = Release|Any CPU
		{639F71BC-FE04-4A68-84AF-B68541EF0661}.Release|iPhone.ActiveCfg = Release|Any CPU
		{639F71BC-FE04-4A68-84AF-B68541EF0661}.Release|iPhone.Build.0 = Release|Any CPU
		{639F71BC-FE04-4A68-84AF-B68541EF0661}.Release|iPhone.Deploy.0 = Release|Any CPU
		{639F71BC-FE04-4A68-84AF-B68541EF0661}.Release|iPhoneSimulator.ActiveCfg = Release|Any CPU
		{639F71BC-FE04-4A68-84AF-B68541EF0661}.Release|iPhoneSimulator.Build.0 = Release|Any CPU
		{639F71BC-FE04-4A68-84AF-B68541EF0661}.Release|iPhoneSimulator.Deploy.0 = Release|Any CPU
	EndGlobalSection
	GlobalSection(SolutionProperties) = preSolution
		HideSolutionNode = FALSE
	EndGlobalSection
	GlobalSection(ExtensibilityGlobals) = postSolution
		SolutionGuid = {0D595CB5-A113-4A3F-BEE6-7D8170C6D9B2}
	EndGlobalSection
EndGlobal
